
Microsoft Visual Studio Solution File, Format Version 12.00
# Visual Studio 15
VisualStudioVersion = 15.0.27924.0
MinimumVisualStudioVersion = 10.0.40219.1
Project("{FAE04EC0-301F-11D3-BF4B-00C04F79EFBC}") = "UsingQR.Core", "UsingQR.Core\UsingQR.Core.csproj", "{980DE95D-4525-4302-B258-6A9D62AD09E8}"
EndProject
Global
	GlobalSection(SolutionConfigurationPlatforms) = preSolution
		Debug|Any CPU = Debug|Any CPU
		Release|Any CPU = Release|Any CPU
	EndGlobalSection
	GlobalSection(ProjectConfigurationPlatforms) = postSolution
		{980DE95D-4525-4302-B258-6A9D62AD09E8}.Debug|Any CPU.ActiveCfg = Debug|Any CPU
		{980DE95D-4525-4302-B258-6A9D62AD09E8}.Debug|Any CPU.Build.0 = Debug|Any CPU
		{980DE95D-4525-4302-B258-6A9D62AD09E8}.Release|Any CPU.ActiveCfg = Release|Any CPU
		{980DE95D-4525-4302-B258-6A9D62AD09E8}.Release|Any CPU.Build.0 = Release|Any CPU
	EndGlobalSection
	GlobalSection(SolutionProperties) = preSolution
		HideSolutionNode = FALSE
	EndGlobalSection
	GlobalSection(ExtensibilityGlobals) = postSolution
		SolutionGuid = {3C50B21E-F2B8-47BA-8D46-FB8A934410E4}
	EndGlobalSection
EndGlobal
